
Microsoft Visual Studio Solution File, Format Version 12.00
# Visual Studio 15
VisualStudioVersion = 15.0.27703.2035
MinimumVisualStudioVersion = 10.0.40219.1
Project("{FAE04EC0-301F-11D3-BF4B-00C04F79EFBC}") = "PCL", "PCL\PCL.csproj", "{1DB11E4A-CE98-48D8-AA0A-E751C6355875}"
EndProject
Project("{FAE04EC0-301F-11D3-BF4B-00C04F79EFBC}") = "InPowerIOS", "InPowerIOS\InPowerIOS.csproj", "{AE8F0E5F-89F3-46B9-A84A-5820A8A3F81D}"
EndProject
Project("{9344BDBB-3E7F-41FC-A0DD-8665D75EE146}") = "InPowerApp", "InPowerApp\InPowerApp.csproj", "{A12EF1D7-A754-42D9-BBE8-EA7CAD1C69C8}"
EndProject
Global
	GlobalSection(SolutionConfigurationPlatforms) = preSolution
		Debug|Any CPU = Debug|Any CPU
		Debug|iPhone = Debug|iPhone
		Debug|iPhoneSimulator = Debug|iPhoneSimulator
		Release|Any CPU = Release|Any CPU
		Release|iPhone = Release|iPhone
		Release|iPhoneSimulator = Release|iPhoneSimulator
	EndGlobalSection
	GlobalSection(ProjectConfigurationPlatforms) = postSolution
		{1DB11E4A-CE98-48D8-AA0A-E751C6355875}.Debug|Any CPU.ActiveCfg = Debug|Any CPU
		{1DB11E4A-CE98-48D8-AA0A-E751C6355875}.Debug|Any CPU.Build.0 = Debug|Any CPU
		{1DB11E4A-CE98-48D8-AA0A-E751C6355875}.Debug|iPhone.ActiveCfg = Debug|Any CPU
		{1DB11E4A-CE98-48D8-AA0A-E751C6355875}.Debug|iPhone.Build.0 = Debug|Any CPU
		{1DB11E4A-CE98-48D8-AA0A-E751C6355875}.Debug|iPhoneSimulator.ActiveCfg = Debug|Any CPU
		{1DB11E4A-CE98-48D8-AA0A-E751C6355875}.Debug|iPhoneSimulator.Build.0 = Debug|Any CPU
		{1DB11E4A-CE98-48D8-AA0A-E751C6355875}.Release|Any CPU.ActiveCfg = Release|Any CPU
		{1DB11E4A-CE98-48D8-AA0A-E751C6355875}.Release|Any CPU.Build.0 = Release|Any CPU
		{1DB11E4A-CE98-48D8-AA0A-E751C6355875}.Release|iPhone.ActiveCfg = Release|Any CPU
		{1DB11E4A-CE98-48D8-AA0A-E751C6355875}.Release|iPhone.Build.0 = Release|Any CPU
		{1DB11E4A-CE98-48D8-AA0A-E751C6355875}.Release|iPhoneSimulator.ActiveCfg = Release|Any CPU
		{1DB11E4A-CE98-48D8-AA0A-E751C6355875}.Release|iPhoneSimulator.Build.0 = Release|Any CPU
		{AE8F0E5F-89F3-46B9-A84A-5820A8A3F81D}.Debug|Any CPU.ActiveCfg = Debug|iPhone
		{AE8F0E5F-89F3-46B9-A84A-5820A8A3F81D}.Debug|iPhone.ActiveCfg = Debug|iPhone
		{AE8F0E5F-89F3-46B9-A84A-5820A8A3F81D}.Debug|iPhone.Build.0 = Debug|iPhone
		{AE8F0E5F-89F3-46B9-A84A-5820A8A3F81D}.Debug|iPhoneSimulator.ActiveCfg = Debug|iPhoneSimulator
		{AE8F0E5F-89F3-46B9-A84A-5820A8A3F81D}.Debug|iPhoneSimulator.Build.0 = Debug|iPhoneSimulator
		{AE8F0E5F-89F3-46B9-A84A-5820A8A3F81D}.Release|Any CPU.ActiveCfg = Release|iPhone
		{AE8F0E5F-89F3-46B9-A84A-5820A8A3F81D}.Release|iPhone.ActiveCfg = Release|iPhone
		{AE8F0E5F-89F3-46B9-A84A-5820A8A3F81D}.Release|iPhone.Build.0 = Release|iPhone
		{AE8F0E5F-89F3-46B9-A84A-5820A8A3F81D}.Release|iPhoneSimulator.ActiveCfg = Release|iPhoneSimulator
		{AE8F0E5F-89F3-46B9-A84A-5820A8A3F81D}.Release|iPhoneSimulator.Build.0 = Release|iPhoneSimulator
		{A12EF1D7-A754-42D9-BBE8-EA7CAD1C69C8}.Debug|Any CPU.ActiveCfg = Debug|Any CPU
		{A12EF1D7-A754-42D9-BBE8-EA7CAD1C69C8}.Debug|Any CPU.Build.0 = Debug|Any CPU
		{A12EF1D7-A754-42D9-BBE8-EA7CAD1C69C8}.Debug|Any CPU.Deploy.0 = Debug|Any CPU
		{A12EF1D7-A754-42D9-BBE8-EA7CAD1C69C8}.Debug|iPhone.ActiveCfg = Debug|Any CPU
		{A12EF1D7-A754-42D9-BBE8-EA7CAD1C69C8}.Debug|iPhone.Build.0 = Debug|Any CPU
		{A12EF1D7-A754-42D9-BBE8-EA7CAD1C69C8}.Debug|iPhone.Deploy.0 = Debug|Any CPU
		{A12EF1D7-A754-42D9-BBE8-EA7CAD1C69C8}.Debug|iPhoneSimulator.ActiveCfg = Debug|Any CPU
		{A12EF1D7-A754-42D9-BBE8-EA7CAD1C69C8}.Debug|iPhoneSimulator.Build.0 = Debug|Any CPU
		{A12EF1D7-A754-42D9-BBE8-EA7CAD1C69C8}.Debug|iPhoneSimulator.Deploy.0 = Debug|Any CPU
		{A12EF1D7-A754-42D9-BBE8-EA7CAD1C69C8}.Release|Any CPU.ActiveCfg = Release|Any CPU
		{A12EF1D7-A754-42D9-BBE8-EA7CAD1C69C8}.Release|Any CPU.Build.0 = Release|Any CPU
		{A12EF1D7-A754-42D9-BBE8-EA7CAD1C69C8}.Release|Any CPU.Deploy.0 = Release|Any CPU
		{A12EF1D7-A754-42D9-BBE8-EA7CAD1C69C8}.Release|iPhone.ActiveCfg = Release|Any CPU
		{A12EF1D7-A754-42D9-BBE8-EA7CAD1C69C8}.Release|iPhone.Build.0 = Release|Any CPU
		{A12EF1D7-A754-42D9-BBE8-EA7CAD1C69C8}.Release|iPhone.Deploy.0 = Release|Any CPU
		{A12EF1D7-A754-42D9-BBE8-EA7CAD1C69C8}.Release|iPhoneSimulator.ActiveCfg = Release|Any CPU
		{A12EF1D7-A754-42D9-BBE8-EA7CAD1C69C8}.Release|iPhoneSimulator.Build.0 = Release|Any CPU
		{A12EF1D7-A754-42D9-BBE8-EA7CAD1C69C8}.Release|iPhoneSimulator.Deploy.0 = Release|Any CPU
	EndGlobalSection
	GlobalSection(SolutionProperties) = preSolution
		HideSolutionNode = FALSE
	EndGlobalSection
	GlobalSection(ExtensibilityGlobals) = postSolution
		SolutionGuid = {32825CAF-7264-4C4C-AD9E-25150A274124}
	EndGlobalSection
EndGlobal
